<Solution>
  <Folder Name="/src/">
    <Project Path="src/WinUIDesigner.DesignerHost/WinUIDesigner.DesignerHost.csproj" />
    <Project Path="src/WinUIDesigner.DiagnosticsTap/WinUIDesigner.DiagnosticsTap.vcxproj" Id="d3d3130b-bb92-4ae7-93a5-716b19939913" />
    <Project Path="src/WinUIDesigner.Platform/WinUIDesigner.Platform.csproj" />
    <Project Path="src/WinUIDesigner.Surface/WinUIDesigner.Surface.csproj" />
    <Project Path="src/WinUIDesigner.Vsix/WinUIDesigner.Vsix.csproj" />
  </Folder>
  <Folder Name="/tests/">
    <Project Path="tests/WinUIDesigner.Tests/WinUIDesigner.Tests.csproj" />
    <Project Path="tests/WinUIDesigner.Toolbox.Tests/WinUIDesigner.Toolbox.Tests.csproj" />
  </Folder>
</Solution>
