<Solution>
  <Folder Name="/src/">
    <Project Path="src/WinUIDesigner.DiagnosticsTap/WinUIDesigner.DiagnosticsTap.vcxproj" Id="d3d3130b-bb92-4ae7-93a5-716b19939913" />
    <Project Path="src/WinUIDesigner.Surface/WinUIDesigner.Surface.csproj">
      <BuildDependency Project="src/WinUIDesigner.DiagnosticsTap/WinUIDesigner.DiagnosticsTap.vcxproj" />
    </Project>
    <Project Path="src/WinUIDesigner.Vsix/WinUIDesigner.Vsix.csproj">
      <BuildDependency Project="src/WinUIDesigner.Surface/WinUIDesigner.Surface.csproj" />
      <Deploy Solution="Debug|Any CPU" />
    </Project>
  </Folder>
  <Folder Name="/tests/">
    <Project Path="tests/WinUIDesigner.Surface.Tests/WinUIDesigner.Surface.Tests.csproj" />
    <Project Path="tests/WinUIDesigner.Vsix.Tests/WinUIDesigner.Vsix.Tests.csproj" />
  </Folder>
</Solution>
